// !$*UTF8*$!
{
	archiveVersion = 1;
	classes = {
	};
	objectVersion = 48;
	objects = {

/* Begin PBXBuildFile section */
		524D51E01F05458300E2A5E3 /* AppDelegate.swift in Sources */ = {isa = PBXBuildFile; fileRef = 524D51DF1F05458300E2A5E3 /* AppDelegate.swift */; };
		524D51E21F05458300E2A5E3 /* AZEntryViewController.swift in Sources */ = {isa = PBXBuildFile; fileRef = 524D51E11F05458300E2A5E3 /* AZEntryViewController.swift */; };
		524D51E51F05458400E2A5E3 /* Main.storyboard in Resources */ = {isa = PBXBuildFile; fileRef = 524D51E31F05458400E2A5E3 /* Main.storyboard */; };
		524D51E71F05458400E2A5E3 /* Assets.xcassets in Resources */ = {isa = PBXBuildFile; fileRef = 524D51E61F05458400E2A5E3 /* Assets.xcassets */; };
		524D51F31F0547B500E2A5E3 /* AZHealthKit.swift in Sources */ = {isa = PBXBuildFile; fileRef = 524D51F21F0547B500E2A5E3 /* AZHealthKit.swift */; };
		524D51F71F05485900E2A5E3 /* HealthKit.framework in Frameworks */ = {isa = PBXBuildFile; fileRef = 524D51F61F05485900E2A5E3 /* HealthKit.framework */; };
/* End PBXBuildFile section */

/* Begin PBXFileReference section */
		524D51DC1F05458300E2A5E3 /* Sphygmomanometer.app */ = {isa = PBXFileReference; explicitFileType = wrapper.application; includeInIndex = 0; path = Sphygmomanometer.app; sourceTree = BUILT_PRODUCTS_DIR; };
		524D51DF1F05458300E2A5E3 /* AppDelegate.swift */ = {isa = PBXFileReference; lastKnownFileType = sourcecode.swift; path = AppDelegate.swift; sourceTree = "<group>"; };
		524D51E11F05458300E2A5E3 /* AZEntryViewController.swift */ = {isa = PBXFileReference; lastKnownFileType = sourcecode.swift; path = AZEntryViewController.swift; sourceTree = "<group>"; };
		524D51E41F05458400E2A5E3 /* Base */ = {isa = PBXFileReference; lastKnownFileType = file.storyboard; name = Base; path = Base.lproj/Main.storyboard; sourceTree = "<group>"; };
		524D51E61F05458400E2A5E3 /* Assets.xcassets */ = {isa = PBXFileReference; lastKnownFileType = folder.assetcatalog; path = Assets.xcassets; sourceTree = "<group>"; };
		524D51EB1F05458400E2A5E3 /* Info.plist */ = {isa = PBXFileReference; lastKnownFileType = text.plist.xml; path = Info.plist; sourceTree = "<group>"; };
		524D51F21F0547B500E2A5E3 /* AZHealthKit.swift */ = {isa = PBXFileReference; lastKnownFileType = sourcecode.swift; path = AZHealthKit.swift; sourceTree = "<group>"; };
		524D51F41F05484400E2A5E3 /* Sphygmomanometer.entitlements */ = {isa = PBXFileReference; lastKnownFileType = text.plist.entitlements; path = Sphygmomanometer.entitlements; sourceTree = "<group>"; };
		524D51F61F05485900E2A5E3 /* HealthKit.framework */ = {isa = PBXFileReference; lastKnownFileType = wrapper.framework; name = HealthKit.framework; path = System/Library/Frameworks/HealthKit.framework; sourceTree = SDKROOT; };
		526FC49D1F0596B0003F8041 /* Base */ = {isa = PBXFileReference; lastKnownFileType = file.storyboard; name = Base; path = Base.lproj/LaunchScreen.storyboard; sourceTree = "<group>"; };
/* End PBXFileReference section */

/* Begin PBXFrameworksBuildPhase section */
		524D51D91F05458300E2A5E3 /* Frameworks */ = {
			isa = PBXFrameworksBuildPhase;
			buildActionMask = 2147483647;
			files = (
				524D51F71F05485900E2A5E3 /* HealthKit.framework in Frameworks */,
			);
			runOnlyForDeploymentPostprocessing = 0;
		};
/* End PBXFrameworksBuildPhase section */

/* Begin PBXGroup section */
		524D51D31F05458300E2A5E3 = {
			isa = PBXGroup;
			children = (
				524D51DE1F05458300E2A5E3 /* Sphygmomanometer */,
				524D51DD1F05458300E2A5E3 /* Products */,
				524D51F51F05485900E2A5E3 /* Frameworks */,
			);
			sourceTree = "<group>";
		};
		524D51DD1F05458300E2A5E3 /* Products */ = {
			isa = PBXGroup;
			children = (
				524D51DC1F05458300E2A5E3 /* Sphygmomanometer.app */,
			);
			name = Products;
			sourceTree = "<group>";
		};
		524D51DE1F05458300E2A5E3 /* Sphygmomanometer */ = {
			isa = PBXGroup;
			children = (
				524D51DF1F05458300E2A5E3 /* AppDelegate.swift */,
				524D51E61F05458400E2A5E3 /* Assets.xcassets */,
				524D51F41F05484400E2A5E3 /* Sphygmomanometer.entitlements */,
				524D51E11F05458300E2A5E3 /* AZEntryViewController.swift */,
				524D51F21F0547B500E2A5E3 /* AZHealthKit.swift */,
				526FC49C1F0596B0003F8041 /* LaunchScreen.storyboard */,
				524D51E31F05458400E2A5E3 /* Main.storyboard */,
				524D51EB1F05458400E2A5E3 /* Info.plist */,
			);
			path = Sphygmomanometer;
			sourceTree = "<group>";
		};
		524D51F51F05485900E2A5E3 /* Frameworks */ = {
			isa = PBXGroup;
			children = (
				524D51F61F05485900E2A5E3 /* HealthKit.framework */,
			);
			name = Frameworks;
			sourceTree = "<group>";
		};
/* End PBXGroup section */

/* Begin PBXNativeTarget section */
		524D51DB1F05458300E2A5E3 /* Sphygmomanometer */ = {
			isa = PBXNativeTarget;
			buildConfigurationList = 524D51EE1F05458400E2A5E3 /* Build configuration list for PBXNativeTarget "Sphygmomanometer" */;
			buildPhases = (
				524D51D81F05458300E2A5E3 /* Sources */,
				524D51D91F05458300E2A5E3 /* Frameworks */,
				524D51DA1F05458300E2A5E3 /* Resources */,
			);
			buildRules = (
			);
			dependencies = (
			);
			name = Sphygmomanometer;
			productName = Sphygmomanometer;
			productReference = 524D51DC1F05458300E2A5E3 /* Sphygmomanometer.app */;
			productType = "com.apple.product-type.application";
		};
/* End PBXNativeTarget section */

/* Begin PBXProject section */
		524D51D41F05458300E2A5E3 /* Project object */ = {
			isa = PBXProject;
			attributes = {
				CLASSPREFIX = AZ;
				LastSwiftUpdateCheck = 0900;
				LastUpgradeCheck = 0900;
				ORGANIZATIONNAME = WWITDC;
				TargetAttributes = {
					524D51DB1F05458300E2A5E3 = {
						CreatedOnToolsVersion = 9.0;
						SystemCapabilities = {
							com.apple.HealthKit = {
								enabled = 1;
							};
							com.apple.Push = {
								enabled = 1;
							};
						};
					};
				};
			};
			buildConfigurationList = 524D51D71F05458300E2A5E3 /* Build configuration list for PBXProject "Sphygmomanometer" */;
			compatibilityVersion = "Xcode 8.0";
			developmentRegion = en;
			hasScannedForEncodings = 0;
			knownRegions = (
				en,
				Base,
			);
			mainGroup = 524D51D31F05458300E2A5E3;
			productRefGroup = 524D51DD1F05458300E2A5E3 /* Products */;
			projectDirPath = "";
			projectRoot = "";
			targets = (
				524D51DB1F05458300E2A5E3 /* Sphygmomanometer */,
			);
		};
/* End PBXProject section */

/* Begin PBXResourcesBuildPhase section */
		524D51DA1F05458300E2A5E3 /* Resources */ = {
			isa = PBXResourcesBuildPhase;
			buildActionMask = 2147483647;
			files = (
				524D51E71F05458400E2A5E3 /* Assets.xcassets in Resources */,
				524D51E51F05458400E2A5E3 /* Main.storyboard in Resources */,
			);
			runOnlyForDeploymentPostprocessing = 0;
		};
/* End PBXResourcesBuildPhase section */

/* Begin PBXSourcesBuildPhase section */
		524D51D81F05458300E2A5E3 /* Sources */ = {
			isa = PBXSourcesBuildPhase;
			buildActionMask = 2147483647;
			files = (
				524D51F31F0547B500E2A5E3 /* AZHealthKit.swift in Sources */,
				524D51E21F05458300E2A5E3 /* AZEntryViewController.swift in Sources */,
				524D51E01F05458300E2A5E3 /* AppDelegate.swift in Sources */,
			);
			runOnlyForDeploymentPostprocessing = 0;
		};
/* End PBXSourcesBuildPhase section */

/* Begin PBXVariantGroup section */
		524D51E31F05458400E2A5E3 /* Main.storyboard */ = {
			isa = PBXVariantGroup;
			children = (
				524D51E41F05458400E2A5E3 /* Base */,
			);
			name = Main.storyboard;
			sourceTree = "<group>";
		};
		526FC49C1F0596B0003F8041 /* LaunchScreen.storyboard */ = {
			isa = PBXVariantGroup;
			children = (
				526FC49D1F0596B0003F8041 /* Base */,
			);
			name = LaunchScreen.storyboard;
			sourceTree = "<group>";
		};
/* End PBXVariantGroup section */

/* Begin XCBuildConfiguration section */
		524D51EC1F05458400E2A5E3 /* Debug */ = {
			isa = XCBuildConfiguration;
			buildSettings = {
				ALWAYS_SEARCH_USER_PATHS = NO;
				CLANG_ANALYZER_NONNULL = YES;
				CLANG_ANALYZER_NUMBER_OBJECT_CONVERSION = YES_AGGRESSIVE;
				CLANG_CXX_LANGUAGE_STANDARD = "gnu++14";
				CLANG_CXX_LIBRARY = "libc++";
				CLANG_ENABLE_MODULES = YES;
				CLANG_ENABLE_OBJC_ARC = YES;
				CLANG_WARN_BLOCK_CAPTURE_AUTORELEASING = YES;
				CLANG_WARN_BOOL_CONVERSION = YES;
				CLANG_WARN_COMMA = YES;
				CLANG_WARN_CONSTANT_CONVERSION = YES;
				CLANG_WARN_DIRECT_OBJC_ISA_USAGE = YES_ERROR;
				CLANG_WARN_DOCUMENTATION_COMMENTS = YES;
				CLANG_WARN_EMPTY_BODY = YES;
				CLANG_WARN_ENUM_CONVERSION = YES;
				CLANG_WARN_INFINITE_RECURSION = YES;
				CLANG_WARN_INT_CONVERSION = YES;
				CLANG_WARN_NON_LITERAL_NULL_CONVERSION = YES;
				CLANG_WARN_OBJC_LITERAL_CONVERSION = YES;
				CLANG_WARN_OBJC_ROOT_CLASS = YES_ERROR;
				CLANG_WARN_RANGE_LOOP_ANALYSIS = YES;
				CLANG_WARN_STRICT_PROTOTYPES = YES;
				CLANG_WARN_SUSPICIOUS_MOVE = YES;
				CLANG_WARN_UNGUARDED_AVAILABILITY = YES_AGGRESSIVE;
				CLANG_WARN_UNREACHABLE_CODE = YES;
				CLANG_WARN__DUPLICATE_METHOD_MATCH = YES;
				CODE_SIGN_IDENTITY = "iPhone Developer";
				COPY_PHASE_STRIP = NO;
				DEBUG_INFORMATION_FORMAT = dwarf;
				ENABLE_STRICT_OBJC_MSGSEND = YES;
				ENABLE_TESTABILITY = YES;
				GCC_C_LANGUAGE_STANDARD = gnu11;
				GCC_DYNAMIC_NO_PIC = NO;
				GCC_NO_COMMON_BLOCKS = YES;
				GCC_OPTIMIZATION_LEVEL = 0;
				GCC_PREPROCESSOR_DEFINITIONS = (
					"DEBUG=1",
					"$(inherited)",
				);
				GCC_WARN_64_TO_32_BIT_CONVERSION = YES;
				GCC_WARN_ABOUT_RETURN_TYPE = YES_ERROR;
				GCC_WARN_UNDECLARED_SELECTOR = YES;
				GCC_WARN_UNINITIALIZED_AUTOS = YES_AGGRESSIVE;
				GCC_WARN_UNUSED_FUNCTION = YES;
				GCC_WARN_UNUSED_VARIABLE = YES;
				IPHONEOS_DEPLOYMENT_TARGET = 10.0;
				MTL_ENABLE_DEBUG_INFO = YES;
				ONLY_ACTIVE_ARCH = YES;
				SDKROOT = iphoneos;
				SWIFT_ACTIVE_COMPILATION_CONDITIONS = DEBUG;
				SWIFT_OPTIMIZATION_LEVEL = "-Onone";
			};
			name = Debug;
		};
		524D51ED1F05458400E2A5E3 /* Release */ = {
			isa = XCBuildConfiguration;
			buildSettings = {
				ALWAYS_SEARCH_USER_PATHS = NO;
				CLANG_ANALYZER_NONNULL = YES;
				CLANG_ANALYZER_NUMBER_OBJECT_CONVERSION = YES_AGGRESSIVE;
				CLANG_CXX_LANGUAGE_STANDARD = "gnu++14";
				CLANG_CXX_LIBRARY = "libc++";
				CLANG_ENABLE_MODULES = YES;
				CLANG_ENABLE_OBJC_ARC = YES;
				CLANG_WARN_BLOCK_CAPTURE_AUTORELEASING = YES;
				CLANG_WARN_BOOL_CONVERSION = YES;
				CLANG_WARN_COMMA = YES;
				CLANG_WARN_CONSTANT_CONVERSION = YES;
				CLANG_WARN_DIRECT_OBJC_ISA_USAGE = YES_ERROR;
				CLANG_WARN_DOCUMENTATION_COMMENTS = YES;
				CLANG_WARN_EMPTY_BODY = YES;
				CLANG_WARN_ENUM_CONVERSION = YES;
				CLANG_WARN_INFINITE_RECURSION = YES;
				CLANG_WARN_INT_CONVERSION = YES;
				CLANG_WARN_NON_LITERAL_NULL_CONVERSION = YES;
				CLANG_WARN_OBJC_LITERAL_CONVERSION = YES;
				CLANG_WARN_OBJC_ROOT_CLASS = YES_ERROR;
				CLANG_WARN_RANGE_LOOP_ANALYSIS = YES;
				CLANG_WARN_STRICT_PROTOTYPES = YES;
				CLANG_WARN_SUSPICIOUS_MOVE = YES;
				CLANG_WARN_UNGUARDED_AVAILABILITY = YES_AGGRESSIVE;
				CLANG_WARN_UNREACHABLE_CODE = YES;
				CLANG_WARN__DUPLICATE_METHOD_MATCH = YES;
				CODE_SIGN_IDENTITY = "iPhone Developer";
				COPY_PHASE_STRIP = NO;
				DEBUG_INFORMATION_FORMAT = "dwarf-with-dsym";
				ENABLE_NS_ASSERTIONS = NO;
				ENABLE_STRICT_OBJC_MSGSEND = YES;
				GCC_C_LANGUAGE_STANDARD = gnu11;
				GCC_NO_COMMON_BLOCKS = YES;
				GCC_WARN_64_TO_32_BIT_CONVERSION = YES;
				GCC_WARN_ABOUT_RETURN_TYPE = YES_ERROR;
				GCC_WARN_UNDECLARED_SELECTOR = YES;
				GCC_WARN_UNINITIALIZED_AUTOS = YES_AGGRESSIVE;
				GCC_WARN_UNUSED_FUNCTION = YES;
				GCC_WARN_UNUSED_VARIABLE = YES;
				IPHONEOS_DEPLOYMENT_TARGET = 10.0;
				MTL_ENABLE_DEBUG_INFO = NO;
				SDKROOT = iphoneos;
				SWIFT_OPTIMIZATION_LEVEL = "-Owholemodule";
				VALIDATE_PRODUCT = YES;
			};
			name = Release;
		};
		524D51EF1F05458400E2A5E3 /* Debug */ = {
			isa = XCBuildConfiguration;
			buildSettings = {
				ASSETCATALOG_COMPILER_APPICON_NAME = AppIcon;
				CODE_SIGN_ENTITLEMENTS = Sphygmomanometer/Sphygmomanometer.entitlements;
				DEVELOPMENT_TEAM = KZ7D8X3PRK;
				INFOPLIST_FILE = Sphygmomanometer/Info.plist;
				LD_RUNPATH_SEARCH_PATHS = "$(inherited) @executable_path/Frameworks";
				PRODUCT_BUNDLE_IDENTIFIER = com.wwitdc.apollozhu.Sphygmomanometer;
				PRODUCT_NAME = "$(TARGET_NAME)";
				SWIFT_VERSION = 4.0;
				TARGETED_DEVICE_FAMILY = 1;
			};
			name = Debug;
		};
		524D51F01F05458400E2A5E3 /* Release */ = {
			isa = XCBuildConfiguration;
			buildSettings = {
				ASSETCATALOG_COMPILER_APPICON_NAME = AppIcon;
				CODE_SIGN_ENTITLEMENTS = Sphygmomanometer/Sphygmomanometer.entitlements;
				DEVELOPMENT_TEAM = KZ7D8X3PRK;
				INFOPLIST_FILE = Sphygmomanometer/Info.plist;
				LD_RUNPATH_SEARCH_PATHS = "$(inherited) @executable_path/Frameworks";
				PRODUCT_BUNDLE_IDENTIFIER = com.wwitdc.apollozhu.Sphygmomanometer;
				PRODUCT_NAME = "$(TARGET_NAME)";
				SWIFT_VERSION = 4.0;
				TARGETED_DEVICE_FAMILY = 1;
			};
			name = Release;
		};
/* End XCBuildConfiguration section */

/* Begin XCConfigurationList section */
		524D51D71F05458300E2A5E3 /* Build configuration list for PBXProject "Sphygmomanometer" */ = {
			isa = XCConfigurationList;
			buildConfigurations = (
				524D51EC1F05458400E2A5E3 /* Debug */,
				524D51ED1F05458400E2A5E3 /* Release */,
			);
			defaultConfigurationIsVisible = 0;
			defaultConfigurationName = Release;
		};
		524D51EE1F05458400E2A5E3 /* Build configuration list for PBXNativeTarget "Sphygmomanometer" */ = {
			isa = XCConfigurationList;
			buildConfigurations = (
				524D51EF1F05458400E2A5E3 /* Debug */,
				524D51F01F05458400E2A5E3 /* Release */,
			);
			defaultConfigurationIsVisible = 0;
			defaultConfigurationName = Release;
		};
/* End XCConfigurationList section */
	};
	rootObject = 524D51D41F05458300E2A5E3 /* Project object */;
}
